
Microsoft Visual Studio Solution File, Format Version 12.00
Project("{FAE04EC0-301F-11D3-BF4B-00C04F79EFBC}") = "WebApplication1", "WebApplication1\WebApplication1.csproj", "{86B84FBD-59FA-4EA3-B078-B13363B6B997}"
EndProject
Project("{FAE04EC0-301F-11D3-BF4B-00C04F79EFBC}") = "AsyncMessagingCommon", "AsyncMessagingCommon\AsyncMessagingCommon.csproj", "{2C29AC1E-3D5E-40A3-A9EA-EBF9B7BAFE40}"
EndProject
Global
	GlobalSection(SolutionConfigurationPlatforms) = preSolution
		Debug|Any CPU = Debug|Any CPU
		Release|Any CPU = Release|Any CPU
	EndGlobalSection
	GlobalSection(ProjectConfigurationPlatforms) = postSolution
		{86B84FBD-59FA-4EA3-B078-B13363B6B997}.Debug|Any CPU.ActiveCfg = Debug|Any CPU
		{86B84FBD-59FA-4EA3-B078-B13363B6B997}.Debug|Any CPU.Build.0 = Debug|Any CPU
		{86B84FBD-59FA-4EA3-B078-B13363B6B997}.Release|Any CPU.ActiveCfg = Release|Any CPU
		{86B84FBD-59FA-4EA3-B078-B13363B6B997}.Release|Any CPU.Build.0 = Release|Any CPU
		{2C29AC1E-3D5E-40A3-A9EA-EBF9B7BAFE40}.Debug|Any CPU.ActiveCfg = Debug|Any CPU
		{2C29AC1E-3D5E-40A3-A9EA-EBF9B7BAFE40}.Debug|Any CPU.Build.0 = Debug|Any CPU
		{2C29AC1E-3D5E-40A3-A9EA-EBF9B7BAFE40}.Release|Any CPU.ActiveCfg = Release|Any CPU
		{2C29AC1E-3D5E-40A3-A9EA-EBF9B7BAFE40}.Release|Any CPU.Build.0 = Release|Any CPU
	EndGlobalSection
EndGlobal
